
Microsoft Visual Studio Solution File, Format Version 12.00
# Visual Studio Version 16
VisualStudioVersion = 16.0.30011.22
MinimumVisualStudioVersion = 10.0.40219.1
Project("{FAE04EC0-301F-11D3-BF4B-00C04F79EFBC}") = "Multi-DiscordRPC", "Multi-DiscordRPC\Multi-DiscordRPC.csproj", "{43C712BA-C994-4250-B9AD-765886C7F8AF}"
EndProject
Global
	GlobalSection(SolutionConfigurationPlatforms) = preSolution
		Debug|Any CPU = Debug|Any CPU
		Release|Any CPU = Release|Any CPU
	EndGlobalSection
	GlobalSection(ProjectConfigurationPlatforms) = postSolution
		{43C712BA-C994-4250-B9AD-765886C7F8AF}.Debug|Any CPU.ActiveCfg = Debug|Any CPU
		{43C712BA-C994-4250-B9AD-765886C7F8AF}.Debug|Any CPU.Build.0 = Debug|Any CPU
		{43C712BA-C994-4250-B9AD-765886C7F8AF}.Release|Any CPU.ActiveCfg = Release|Any CPU
		{43C712BA-C994-4250-B9AD-765886C7F8AF}.Release|Any CPU.Build.0 = Release|Any CPU
	EndGlobalSection
	GlobalSection(SolutionProperties) = preSolution
		HideSolutionNode = FALSE
	EndGlobalSection
	GlobalSection(ExtensibilityGlobals) = postSolution
		SolutionGuid = {C7F811BA-14B0-4943-8FCE-2C8715B3D7D6}
	EndGlobalSection
EndGlobal
